
Microsoft Visual Studio Solution File, Format Version 12.00
# Visual Studio Version 17
VisualStudioVersion = 17.7.34031.279
MinimumVisualStudioVersion = 10.0.40219.1
Project("{FAE04EC0-301F-11D3-BF4B-00C04F79EFBC}") = "Ejercicio1array", "Ejercicio1array.csproj", "{3D6BC525-FDD0-4A43-8C8C-70DD79817BCB}"
EndProject
Global
	GlobalSection(SolutionConfigurationPlatforms) = preSolution
		Debug|Any CPU = Debug|Any CPU
		Release|Any CPU = Release|Any CPU
	EndGlobalSection
	GlobalSection(ProjectConfigurationPlatforms) = postSolution
		{3D6BC525-FDD0-4A43-8C8C-70DD79817BCB}.Debug|Any CPU.ActiveCfg = Debug|Any CPU
		{3D6BC525-FDD0-4A43-8C8C-70DD79817BCB}.Debug|Any CPU.Build.0 = Debug|Any CPU
		{3D6BC525-FDD0-4A43-8C8C-70DD79817BCB}.Release|Any CPU.ActiveCfg = Release|Any CPU
		{3D6BC525-FDD0-4A43-8C8C-70DD79817BCB}.Release|Any CPU.Build.0 = Release|Any CPU
	EndGlobalSection
	GlobalSection(SolutionProperties) = preSolution
		HideSolutionNode = FALSE
	EndGlobalSection
	GlobalSection(ExtensibilityGlobals) = postSolution
		SolutionGuid = {684D6700-366A-4CC4-98CB-FCC0F740B1D9}
	EndGlobalSection
EndGlobal
